{
  "originHash" : "ddee2f2624bc177ccd048642df24a0f99db05fd687f21201957ee5d71f2bac96",
  "pins" : [
    {
      "identity" : "inject",
      "kind" : "remoteSourceControl",
      "location" : "https://github.com/krzysztofzablocki/Inject.git",
      "state" : {
        "revision" : "728c56639ecb3df441d51d5bc6747329afabcfc9",
        "version" : "1.5.2"
      }
    }
  ],
  "version" : 3
}
